
Microsoft Visual Studio Solution File, Format Version 12.00
# Visual Studio Version 17
VisualStudioVersion = 17.4.33403.182
MinimumVisualStudioVersion = 10.0.40219.1
Project("{FAE04EC0-301F-11D3-BF4B-00C04F79EFBC}") = "Assignment_link", "Assignment_link.csproj", "{526D49B6-3873-4C4E-83F1-4449880CDBE9}"
EndProject
Global
	GlobalSection(SolutionConfigurationPlatforms) = preSolution
		Debug|Any CPU = Debug|Any CPU
		Release|Any CPU = Release|Any CPU
	EndGlobalSection
	GlobalSection(ProjectConfigurationPlatforms) = postSolution
		{526D49B6-3873-4C4E-83F1-4449880CDBE9}.Debug|Any CPU.ActiveCfg = Debug|Any CPU
		{526D49B6-3873-4C4E-83F1-4449880CDBE9}.Debug|Any CPU.Build.0 = Debug|Any CPU
		{526D49B6-3873-4C4E-83F1-4449880CDBE9}.Release|Any CPU.ActiveCfg = Release|Any CPU
		{526D49B6-3873-4C4E-83F1-4449880CDBE9}.Release|Any CPU.Build.0 = Release|Any CPU
	EndGlobalSection
	GlobalSection(SolutionProperties) = preSolution
		HideSolutionNode = FALSE
	EndGlobalSection
	GlobalSection(ExtensibilityGlobals) = postSolution
		SolutionGuid = {37162038-2F31-47B6-A931-33DF27F09109}
	EndGlobalSection
EndGlobal
