
Microsoft Visual Studio Solution File, Format Version 12.00
# Visual Studio Version 17
VisualStudioVersion = 17.4.33403.182
MinimumVisualStudioVersion = 10.0.40219.1
Project("{FAE04EC0-301F-11D3-BF4B-00C04F79EFBC}") = "Assignment5", "Assignment5.csproj", "{0ABEAF0B-B6B7-4490-87E7-06F1F3BADEB6}"
EndProject
Global
	GlobalSection(SolutionConfigurationPlatforms) = preSolution
		Debug|Any CPU = Debug|Any CPU
		Release|Any CPU = Release|Any CPU
	EndGlobalSection
	GlobalSection(ProjectConfigurationPlatforms) = postSolution
		{0ABEAF0B-B6B7-4490-87E7-06F1F3BADEB6}.Debug|Any CPU.ActiveCfg = Debug|Any CPU
		{0ABEAF0B-B6B7-4490-87E7-06F1F3BADEB6}.Debug|Any CPU.Build.0 = Debug|Any CPU
		{0ABEAF0B-B6B7-4490-87E7-06F1F3BADEB6}.Release|Any CPU.ActiveCfg = Release|Any CPU
		{0ABEAF0B-B6B7-4490-87E7-06F1F3BADEB6}.Release|Any CPU.Build.0 = Release|Any CPU
	EndGlobalSection
	GlobalSection(SolutionProperties) = preSolution
		HideSolutionNode = FALSE
	EndGlobalSection
	GlobalSection(ExtensibilityGlobals) = postSolution
		SolutionGuid = {2FECF8C4-48C1-4F16-86D9-53CA1D6EA541}
	EndGlobalSection
EndGlobal
